
Microsoft Visual Studio Solution File, Format Version 12.00
# Visual Studio Version 17
VisualStudioVersion = 17.11.35222.181
MinimumVisualStudioVersion = 10.0.40219.1
Project("{FAE04EC0-301F-11D3-BF4B-00C04F79EFBC}") = "Allatok", "Allatok.csproj", "{1566CAF0-3BC4-4029-8FF0-A8F84F149D36}"
EndProject
Global
	GlobalSection(SolutionConfigurationPlatforms) = preSolution
		Debug|Any CPU = Debug|Any CPU
		Release|Any CPU = Release|Any CPU
	EndGlobalSection
	GlobalSection(ProjectConfigurationPlatforms) = postSolution
		{1566CAF0-3BC4-4029-8FF0-A8F84F149D36}.Debug|Any CPU.ActiveCfg = Debug|Any CPU
		{1566CAF0-3BC4-4029-8FF0-A8F84F149D36}.Debug|Any CPU.Build.0 = Debug|Any CPU
		{1566CAF0-3BC4-4029-8FF0-A8F84F149D36}.Release|Any CPU.ActiveCfg = Release|Any CPU
		{1566CAF0-3BC4-4029-8FF0-A8F84F149D36}.Release|Any CPU.Build.0 = Release|Any CPU
	EndGlobalSection
	GlobalSection(SolutionProperties) = preSolution
		HideSolutionNode = FALSE
	EndGlobalSection
	GlobalSection(ExtensibilityGlobals) = postSolution
		SolutionGuid = {6A968438-F278-4818-AEB8-0943B51F69F0}
	EndGlobalSection
EndGlobal
