
Microsoft Visual Studio Solution File, Format Version 12.00
# Visual Studio Version 17
VisualStudioVersion = 17.11.35222.181
MinimumVisualStudioVersion = 10.0.40219.1
Project("{FAE04EC0-301F-11D3-BF4B-00C04F79EFBC}") = "Karsor", "Karsor.csproj", "{31D9C725-7F7F-44F9-9E2C-AB8EE1779C0B}"
EndProject
Global
	GlobalSection(SolutionConfigurationPlatforms) = preSolution
		Debug|Any CPU = Debug|Any CPU
		Release|Any CPU = Release|Any CPU
	EndGlobalSection
	GlobalSection(ProjectConfigurationPlatforms) = postSolution
		{31D9C725-7F7F-44F9-9E2C-AB8EE1779C0B}.Debug|Any CPU.ActiveCfg = Debug|Any CPU
		{31D9C725-7F7F-44F9-9E2C-AB8EE1779C0B}.Debug|Any CPU.Build.0 = Debug|Any CPU
		{31D9C725-7F7F-44F9-9E2C-AB8EE1779C0B}.Release|Any CPU.ActiveCfg = Release|Any CPU
		{31D9C725-7F7F-44F9-9E2C-AB8EE1779C0B}.Release|Any CPU.Build.0 = Release|Any CPU
	EndGlobalSection
	GlobalSection(SolutionProperties) = preSolution
		HideSolutionNode = FALSE
	EndGlobalSection
	GlobalSection(ExtensibilityGlobals) = postSolution
		SolutionGuid = {86207578-115D-4487-A24E-7ABDB278EB14}
	EndGlobalSection
EndGlobal
