
Microsoft Visual Studio Solution File, Format Version 12.00
# Visual Studio Version 17
VisualStudioVersion = 17.11.35222.181
MinimumVisualStudioVersion = 10.0.40219.1
Project("{FAE04EC0-301F-11D3-BF4B-00C04F79EFBC}") = "Dijazottak", "Dijazottak.csproj", "{5F447FE1-7D09-40D7-A1B0-2683A1273C74}"
EndProject
Global
	GlobalSection(SolutionConfigurationPlatforms) = preSolution
		Debug|Any CPU = Debug|Any CPU
		Release|Any CPU = Release|Any CPU
	EndGlobalSection
	GlobalSection(ProjectConfigurationPlatforms) = postSolution
		{5F447FE1-7D09-40D7-A1B0-2683A1273C74}.Debug|Any CPU.ActiveCfg = Debug|Any CPU
		{5F447FE1-7D09-40D7-A1B0-2683A1273C74}.Debug|Any CPU.Build.0 = Debug|Any CPU
		{5F447FE1-7D09-40D7-A1B0-2683A1273C74}.Release|Any CPU.ActiveCfg = Release|Any CPU
		{5F447FE1-7D09-40D7-A1B0-2683A1273C74}.Release|Any CPU.Build.0 = Release|Any CPU
	EndGlobalSection
	GlobalSection(SolutionProperties) = preSolution
		HideSolutionNode = FALSE
	EndGlobalSection
	GlobalSection(ExtensibilityGlobals) = postSolution
		SolutionGuid = {844A1995-5B28-44BF-A437-593AE31E415A}
	EndGlobalSection
EndGlobal
