
Microsoft Visual Studio Solution File, Format Version 12.00
# Visual Studio Version 17
VisualStudioVersion = 17.11.35222.181
MinimumVisualStudioVersion = 10.0.40219.1
Project("{FAE04EC0-301F-11D3-BF4B-00C04F79EFBC}") = "Fajlok", "Fajlok.csproj", "{63035A8C-5183-42E8-8811-EA468E9DE03E}"
EndProject
Global
	GlobalSection(SolutionConfigurationPlatforms) = preSolution
		Debug|Any CPU = Debug|Any CPU
		Release|Any CPU = Release|Any CPU
	EndGlobalSection
	GlobalSection(ProjectConfigurationPlatforms) = postSolution
		{63035A8C-5183-42E8-8811-EA468E9DE03E}.Debug|Any CPU.ActiveCfg = Debug|Any CPU
		{63035A8C-5183-42E8-8811-EA468E9DE03E}.Debug|Any CPU.Build.0 = Debug|Any CPU
		{63035A8C-5183-42E8-8811-EA468E9DE03E}.Release|Any CPU.ActiveCfg = Release|Any CPU
		{63035A8C-5183-42E8-8811-EA468E9DE03E}.Release|Any CPU.Build.0 = Release|Any CPU
	EndGlobalSection
	GlobalSection(SolutionProperties) = preSolution
		HideSolutionNode = FALSE
	EndGlobalSection
	GlobalSection(ExtensibilityGlobals) = postSolution
		SolutionGuid = {91947A8B-8EE2-49AC-823E-8D4526EB7092}
	EndGlobalSection
EndGlobal
